<?xml version="1.0" encoding="utf-8"?>
<Project ToolsVersion="4.0" xmlns="http://schemas.microsoft.com/developer/msbuild/2003">
  <ItemGroup>
    <Filter Include="Source Files">
      <UniqueIdentifier>{4FC737F1-C7A5-4376-A066-2A32D752A2FF}</UniqueIdentifier>
      <Extensions>cpp;c;cc;cxx;def;odl;idl;hpj;bat;asm;asmx</Extensions>
    </Filter>
    <Filter Include="Header Files">
      <UniqueIdentifier>{93995380-89BD-4b04-88EB-625FBE52EBFB}</UniqueIdentifier>
      <Extensions>h;hpp;hxx;hm;inl;inc;xsd</Extensions>
    </Filter>
    <Filter Include="Source Files\crypto">
      <UniqueIdentifier>{a23c26c1-4c72-4be7-91d3-c4e0e2f5ca05}</UniqueIdentifier>
    </Filter>
    <Filter Include="Source Files\utils">
      <UniqueIdentifier>{b23c26c1-4c72-4be7-91d3-c4e0e2f5ca06}</UniqueIdentifier>
    </Filter>
    <Filter Include="Header Files\crypto">
      <UniqueIdentifier>{c23c26c1-4c72-4be7-91d3-c4e0e2f5ca07}</UniqueIdentifier>
    </Filter>
    <Filter Include="Header Files\utils">
      <UniqueIdentifier>{d23c26c1-4c72-4be7-91d3-c4e0e2f5ca08}</UniqueIdentifier>
    </Filter>
  </ItemGroup>
  <ItemGroup>
    <ClCompile Include="driver.c">
      <Filter>Source Files</Filter>
    </ClCompile>
    <ClCompile Include="anti_detection.c">
      <Filter>Source Files</Filter>
    </ClCompile>
    <ClCompile Include="polymorphic_engine.c">
      <Filter>Source Files</Filter>
    </ClCompile>
    <ClCompile Include="signature_spoofer.c">
      <Filter>Source Files</Filter>
    </ClCompile>
    <ClCompile Include="iat_spoofer.c">
      <Filter>Source Files</Filter>
    </ClCompile>
    <ClCompile Include="crypto\ioctl_crypto.c">
      <Filter>Source Files\crypto</Filter>
    </ClCompile>
    <ClCompile Include="utils\memory_utils.c">
      <Filter>Source Files\utils</Filter>
    </ClCompile>
  </ItemGroup>
  <ItemGroup>
    <ClInclude Include="driver_codes.h">
      <Filter>Header Files</Filter>
    </ClInclude>
    <ClInclude Include="driver_config.h">
      <Filter>Header Files</Filter>
    </ClInclude>
    <ClInclude Include="anti_detection.h">
      <Filter>Header Files</Filter>
    </ClInclude>
    <ClInclude Include="polymorphic_engine.h">
      <Filter>Header Files</Filter>
    </ClInclude>
    <ClInclude Include="signature_spoofer.h">
      <Filter>Header Files</Filter>
    </ClInclude>
    <ClInclude Include="iat_spoofer.h">
      <Filter>Header Files</Filter>
    </ClInclude>
    <ClInclude Include="crypto\ioctl_crypto.h">
      <Filter>Header Files\crypto</Filter>
    </ClInclude>
    <ClInclude Include="utils\memory_utils.h">
      <Filter>Header Files\utils</Filter>
    </ClInclude>
  </ItemGroup>
</Project>